
Microsoft Visual Studio Solution File, Format Version 12.00
# Visual Studio Version 16
VisualStudioVersion = 16.0.30907.101
MinimumVisualStudioVersion = 10.0.40219.1
Project("{FAE04EC0-301F-11D3-BF4B-00C04F79EFBC}") = "Anneleen_UsersWebAPIAdvanced2", "Anneleen_UsersWebAPIAdvanced2\Anneleen_UsersWebAPIAdvanced2.csproj", "{0110C1C7-08F2-4BCE-A9DF-8A8C13B1881D}"
EndProject
Global
	GlobalSection(SolutionConfigurationPlatforms) = preSolution
		Debug|Any CPU = Debug|Any CPU
		Release|Any CPU = Release|Any CPU
	EndGlobalSection
	GlobalSection(ProjectConfigurationPlatforms) = postSolution
		{0110C1C7-08F2-4BCE-A9DF-8A8C13B1881D}.Debug|Any CPU.ActiveCfg = Debug|Any CPU
		{0110C1C7-08F2-4BCE-A9DF-8A8C13B1881D}.Debug|Any CPU.Build.0 = Debug|Any CPU
		{0110C1C7-08F2-4BCE-A9DF-8A8C13B1881D}.Release|Any CPU.ActiveCfg = Release|Any CPU
		{0110C1C7-08F2-4BCE-A9DF-8A8C13B1881D}.Release|Any CPU.Build.0 = Release|Any CPU
	EndGlobalSection
	GlobalSection(SolutionProperties) = preSolution
		HideSolutionNode = FALSE
	EndGlobalSection
	GlobalSection(ExtensibilityGlobals) = postSolution
		SolutionGuid = {79636C9A-A52C-4C28-913C-91506B5DB428}
	EndGlobalSection
EndGlobal
